
Microsoft Visual Studio Solution File, Format Version 12.00
# Visual Studio 15
VisualStudioVersion = 15.0.26124.0
MinimumVisualStudioVersion = 15.0.26124.0
Project("{2150E333-8FDC-42A3-9474-1A3956D46DE8}") = "src", "src", "{7FC32B72-D4A6-4DA1-B41C-6472A15D1A9D}"
EndProject
Project("{FAE04EC0-301F-11D3-BF4B-00C04F79EFBC}") = "web", "src\web\web.csproj", "{78921405-8FEF-4899-92A0-501D4073F953}"
EndProject
Project("{FAE04EC0-301F-11D3-BF4B-00C04F79EFBC}") = "domain", "src\domain\domain.csproj", "{97747EF2-6A4B-442D-ADC1-812AFCF1ACB7}"
EndProject
Global
	GlobalSection(SolutionConfigurationPlatforms) = preSolution
		Debug|Any CPU = Debug|Any CPU
		Debug|x64 = Debug|x64
		Debug|x86 = Debug|x86
		Release|Any CPU = Release|Any CPU
		Release|x64 = Release|x64
		Release|x86 = Release|x86
	EndGlobalSection
	GlobalSection(SolutionProperties) = preSolution
		HideSolutionNode = FALSE
	EndGlobalSection
	GlobalSection(ProjectConfigurationPlatforms) = postSolution
		{78921405-8FEF-4899-92A0-501D4073F953}.Debug|Any CPU.ActiveCfg = Debug|Any CPU
		{78921405-8FEF-4899-92A0-501D4073F953}.Debug|Any CPU.Build.0 = Debug|Any CPU
		{78921405-8FEF-4899-92A0-501D4073F953}.Debug|x64.ActiveCfg = Debug|Any CPU
		{78921405-8FEF-4899-92A0-501D4073F953}.Debug|x64.Build.0 = Debug|Any CPU
		{78921405-8FEF-4899-92A0-501D4073F953}.Debug|x86.ActiveCfg = Debug|Any CPU
		{78921405-8FEF-4899-92A0-501D4073F953}.Debug|x86.Build.0 = Debug|Any CPU
		{78921405-8FEF-4899-92A0-501D4073F953}.Release|Any CPU.ActiveCfg = Release|Any CPU
		{78921405-8FEF-4899-92A0-501D4073F953}.Release|Any CPU.Build.0 = Release|Any CPU
		{78921405-8FEF-4899-92A0-501D4073F953}.Release|x64.ActiveCfg = Release|Any CPU
		{78921405-8FEF-4899-92A0-501D4073F953}.Release|x64.Build.0 = Release|Any CPU
		{78921405-8FEF-4899-92A0-501D4073F953}.Release|x86.ActiveCfg = Release|Any CPU
		{78921405-8FEF-4899-92A0-501D4073F953}.Release|x86.Build.0 = Release|Any CPU
		{97747EF2-6A4B-442D-ADC1-812AFCF1ACB7}.Debug|Any CPU.ActiveCfg = Debug|Any CPU
		{97747EF2-6A4B-442D-ADC1-812AFCF1ACB7}.Debug|Any CPU.Build.0 = Debug|Any CPU
		{97747EF2-6A4B-442D-ADC1-812AFCF1ACB7}.Debug|x64.ActiveCfg = Debug|Any CPU
		{97747EF2-6A4B-442D-ADC1-812AFCF1ACB7}.Debug|x64.Build.0 = Debug|Any CPU
		{97747EF2-6A4B-442D-ADC1-812AFCF1ACB7}.Debug|x86.ActiveCfg = Debug|Any CPU
		{97747EF2-6A4B-442D-ADC1-812AFCF1ACB7}.Debug|x86.Build.0 = Debug|Any CPU
		{97747EF2-6A4B-442D-ADC1-812AFCF1ACB7}.Release|Any CPU.ActiveCfg = Release|Any CPU
		{97747EF2-6A4B-442D-ADC1-812AFCF1ACB7}.Release|Any CPU.Build.0 = Release|Any CPU
		{97747EF2-6A4B-442D-ADC1-812AFCF1ACB7}.Release|x64.ActiveCfg = Release|Any CPU
		{97747EF2-6A4B-442D-ADC1-812AFCF1ACB7}.Release|x64.Build.0 = Release|Any CPU
		{97747EF2-6A4B-442D-ADC1-812AFCF1ACB7}.Release|x86.ActiveCfg = Release|Any CPU
		{97747EF2-6A4B-442D-ADC1-812AFCF1ACB7}.Release|x86.Build.0 = Release|Any CPU
	EndGlobalSection
	GlobalSection(NestedProjects) = preSolution
		{78921405-8FEF-4899-92A0-501D4073F953} = {7FC32B72-D4A6-4DA1-B41C-6472A15D1A9D}
		{97747EF2-6A4B-442D-ADC1-812AFCF1ACB7} = {7FC32B72-D4A6-4DA1-B41C-6472A15D1A9D}
	EndGlobalSection
EndGlobal
